
Microsoft Visual Studio Solution File, Format Version 12.00
# Visual Studio Version 16
VisualStudioVersion = 16.0.30611.23
MinimumVisualStudioVersion = 10.0.40219.1
Project("{9A19103F-16F7-4668-BE54-9A1E7A4F7556}") = "Task1", "Task1\Task1.csproj", "{2D1E1E3C-758F-4A8C-A65D-FB4F2955AB3A}"
EndProject
Project("{9A19103F-16F7-4668-BE54-9A1E7A4F7556}") = "Task2", "Task2\Task2.csproj", "{6808B714-330F-4101-98D0-FD784739CEDE}"
EndProject
Project("{9A19103F-16F7-4668-BE54-9A1E7A4F7556}") = "Task3", "Task3\Task3.csproj", "{127C6DC7-A38B-42C6-AC9E-6802A71001B0}"
EndProject
Project("{9A19103F-16F7-4668-BE54-9A1E7A4F7556}") = "task4", "task4\task4.csproj", "{9029AC6C-D5F3-4E19-99C8-80F4D1597269}"
EndProject
Project("{FAE04EC0-301F-11D3-BF4B-00C04F79EFBC}") = "test", "test\test.csproj", "{C471ED96-B5B1-41A5-9E1B-4BA3727B7E7D}"
EndProject
Global
	GlobalSection(SolutionConfigurationPlatforms) = preSolution
		Debug|Any CPU = Debug|Any CPU
		Release|Any CPU = Release|Any CPU
	EndGlobalSection
	GlobalSection(ProjectConfigurationPlatforms) = postSolution
		{2D1E1E3C-758F-4A8C-A65D-FB4F2955AB3A}.Debug|Any CPU.ActiveCfg = Debug|Any CPU
		{2D1E1E3C-758F-4A8C-A65D-FB4F2955AB3A}.Debug|Any CPU.Build.0 = Debug|Any CPU
		{2D1E1E3C-758F-4A8C-A65D-FB4F2955AB3A}.Release|Any CPU.ActiveCfg = Release|Any CPU
		{2D1E1E3C-758F-4A8C-A65D-FB4F2955AB3A}.Release|Any CPU.Build.0 = Release|Any CPU
		{6808B714-330F-4101-98D0-FD784739CEDE}.Debug|Any CPU.ActiveCfg = Debug|Any CPU
		{6808B714-330F-4101-98D0-FD784739CEDE}.Debug|Any CPU.Build.0 = Debug|Any CPU
		{6808B714-330F-4101-98D0-FD784739CEDE}.Release|Any CPU.ActiveCfg = Release|Any CPU
		{6808B714-330F-4101-98D0-FD784739CEDE}.Release|Any CPU.Build.0 = Release|Any CPU
		{127C6DC7-A38B-42C6-AC9E-6802A71001B0}.Debug|Any CPU.ActiveCfg = Debug|Any CPU
		{127C6DC7-A38B-42C6-AC9E-6802A71001B0}.Debug|Any CPU.Build.0 = Debug|Any CPU
		{127C6DC7-A38B-42C6-AC9E-6802A71001B0}.Release|Any CPU.ActiveCfg = Release|Any CPU
		{127C6DC7-A38B-42C6-AC9E-6802A71001B0}.Release|Any CPU.Build.0 = Release|Any CPU
		{9029AC6C-D5F3-4E19-99C8-80F4D1597269}.Debug|Any CPU.ActiveCfg = Debug|Any CPU
		{9029AC6C-D5F3-4E19-99C8-80F4D1597269}.Debug|Any CPU.Build.0 = Debug|Any CPU
		{9029AC6C-D5F3-4E19-99C8-80F4D1597269}.Release|Any CPU.ActiveCfg = Release|Any CPU
		{9029AC6C-D5F3-4E19-99C8-80F4D1597269}.Release|Any CPU.Build.0 = Release|Any CPU
		{C471ED96-B5B1-41A5-9E1B-4BA3727B7E7D}.Debug|Any CPU.ActiveCfg = Debug|Any CPU
		{C471ED96-B5B1-41A5-9E1B-4BA3727B7E7D}.Debug|Any CPU.Build.0 = Debug|Any CPU
		{C471ED96-B5B1-41A5-9E1B-4BA3727B7E7D}.Release|Any CPU.ActiveCfg = Release|Any CPU
		{C471ED96-B5B1-41A5-9E1B-4BA3727B7E7D}.Release|Any CPU.Build.0 = Release|Any CPU
	EndGlobalSection
	GlobalSection(SolutionProperties) = preSolution
		HideSolutionNode = FALSE
	EndGlobalSection
	GlobalSection(ExtensibilityGlobals) = postSolution
		SolutionGuid = {F7BF0D5B-E8C2-4283-860F-9811B92DE4E2}
	EndGlobalSection
EndGlobal
